// !$*UTF8*$!
{
	archiveVersion = 1;
	classes = {
	};
	objectVersion = 50;
	objects = {

/* Begin PBXBuildFile section */
		F96E5C8D24B059A2004A9CBA /* AppDelegate.swift in Sources */ = {isa = PBXBuildFile; fileRef = F96E5C8C24B059A2004A9CBA /* AppDelegate.swift */; };
		F96E5C8F24B059A2004A9CBA /* SceneDelegate.swift in Sources */ = {isa = PBXBuildFile; fileRef = F96E5C8E24B059A2004A9CBA /* SceneDelegate.swift */; };
		F96E5C9124B059A2004A9CBA /* ViewController.swift in Sources */ = {isa = PBXBuildFile; fileRef = F96E5C9024B059A2004A9CBA /* ViewController.swift */; };
		F96E5C9424B059A2004A9CBA /* Main.storyboard in Resources */ = {isa = PBXBuildFile; fileRef = F96E5C9224B059A2004A9CBA /* Main.storyboard */; };
		F96E5C9624B059A4004A9CBA /* Assets.xcassets in Resources */ = {isa = PBXBuildFile; fileRef = F96E5C9524B059A4004A9CBA /* Assets.xcassets */; };
		F96E5C9924B059A4004A9CBA /* LaunchScreen.storyboard in Resources */ = {isa = PBXBuildFile; fileRef = F96E5C9724B059A4004A9CBA /* LaunchScreen.storyboard */; };
/* End PBXBuildFile section */

/* Begin PBXFileReference section */
		F96E5C8924B059A2004A9CBA /* International Jokes.app */ = {isa = PBXFileReference; explicitFileType = wrapper.application; includeInIndex = 0; path = "International Jokes.app"; sourceTree = BUILT_PRODUCTS_DIR; };
		F96E5C8C24B059A2004A9CBA /* AppDelegate.swift */ = {isa = PBXFileReference; lastKnownFileType = sourcecode.swift; path = AppDelegate.swift; sourceTree = "<group>"; };
		F96E5C8E24B059A2004A9CBA /* SceneDelegate.swift */ = {isa = PBXFileReference; lastKnownFileType = sourcecode.swift; path = SceneDelegate.swift; sourceTree = "<group>"; };
		F96E5C9024B059A2004A9CBA /* ViewController.swift */ = {isa = PBXFileReference; lastKnownFileType = sourcecode.swift; path = ViewController.swift; sourceTree = "<group>"; };
		F96E5C9324B059A2004A9CBA /* Base */ = {isa = PBXFileReference; lastKnownFileType = file.storyboard; name = Base; path = Base.lproj/Main.storyboard; sourceTree = "<group>"; };
		F96E5C9524B059A4004A9CBA /* Assets.xcassets */ = {isa = PBXFileReference; lastKnownFileType = folder.assetcatalog; path = Assets.xcassets; sourceTree = "<group>"; };
		F96E5C9824B059A4004A9CBA /* Base */ = {isa = PBXFileReference; lastKnownFileType = file.storyboard; name = Base; path = Base.lproj/LaunchScreen.storyboard; sourceTree = "<group>"; };
		F96E5C9A24B059A4004A9CBA /* Info.plist */ = {isa = PBXFileReference; lastKnownFileType = text.plist.xml; path = Info.plist; sourceTree = "<group>"; };
/* End PBXFileReference section */

/* Begin PBXFrameworksBuildPhase section */
		F96E5C8624B059A2004A9CBA /* Frameworks */ = {
			isa = PBXFrameworksBuildPhase;
			buildActionMask = 2147483647;
			files = (
			);
			runOnlyForDeploymentPostprocessing = 0;
		};
/* End PBXFrameworksBuildPhase section */

/* Begin PBXGroup section */
		F96E5C8024B059A2004A9CBA = {
			isa = PBXGroup;
			children = (
				F96E5C8B24B059A2004A9CBA /* International Jokes */,
				F96E5C8A24B059A2004A9CBA /* Products */,
			);
			sourceTree = "<group>";
		};
		F96E5C8A24B059A2004A9CBA /* Products */ = {
			isa = PBXGroup;
			children = (
				F96E5C8924B059A2004A9CBA /* International Jokes.app */,
			);
			name = Products;
			sourceTree = "<group>";
		};
		F96E5C8B24B059A2004A9CBA /* International Jokes */ = {
			isa = PBXGroup;
			children = (
				F96E5C8C24B059A2004A9CBA /* AppDelegate.swift */,
				F96E5C8E24B059A2004A9CBA /* SceneDelegate.swift */,
				F96E5C9024B059A2004A9CBA /* ViewController.swift */,
				F96E5C9224B059A2004A9CBA /* Main.storyboard */,
				F96E5C9524B059A4004A9CBA /* Assets.xcassets */,
				F96E5C9724B059A4004A9CBA /* LaunchScreen.storyboard */,
				F96E5C9A24B059A4004A9CBA /* Info.plist */,
			);
			path = "International Jokes";
			sourceTree = "<group>";
		};
/* End PBXGroup section */

/* Begin PBXNativeTarget section */
		F96E5C8824B059A2004A9CBA /* International Jokes */ = {
			isa = PBXNativeTarget;
			buildConfigurationList = F96E5C9D24B059A4004A9CBA /* Build configuration list for PBXNativeTarget "International Jokes" */;
			buildPhases = (
				F96E5C8524B059A2004A9CBA /* Sources */,
				F96E5C8624B059A2004A9CBA /* Frameworks */,
				F96E5C8724B059A2004A9CBA /* Resources */,
			);
			buildRules = (
			);
			dependencies = (
			);
			name = "International Jokes";
			productName = "International Jokes";
			productReference = F96E5C8924B059A2004A9CBA /* International Jokes.app */;
			productType = "com.apple.product-type.application";
		};
/* End PBXNativeTarget section */

/* Begin PBXProject section */
		F96E5C8124B059A2004A9CBA /* Project object */ = {
			isa = PBXProject;
			attributes = {
				LastSwiftUpdateCheck = 1120;
				LastUpgradeCheck = 1120;
				ORGANIZATIONNAME = ephrembeaino;
				TargetAttributes = {
					F96E5C8824B059A2004A9CBA = {
						CreatedOnToolsVersion = 11.2.1;
					};
				};
			};
			buildConfigurationList = F96E5C8424B059A2004A9CBA /* Build configuration list for PBXProject "International Jokes" */;
			compatibilityVersion = "Xcode 9.3";
			developmentRegion = en;
			hasScannedForEncodings = 0;
			knownRegions = (
				en,
				Base,
			);
			mainGroup = F96E5C8024B059A2004A9CBA;
			productRefGroup = F96E5C8A24B059A2004A9CBA /* Products */;
			projectDirPath = "";
			projectRoot = "";
			targets = (
				F96E5C8824B059A2004A9CBA /* International Jokes */,
			);
		};
/* End PBXProject section */

/* Begin PBXResourcesBuildPhase section */
		F96E5C8724B059A2004A9CBA /* Resources */ = {
			isa = PBXResourcesBuildPhase;
			buildActionMask = 2147483647;
			files = (
				F96E5C9924B059A4004A9CBA /* LaunchScreen.storyboard in Resources */,
				F96E5C9624B059A4004A9CBA /* Assets.xcassets in Resources */,
				F96E5C9424B059A2004A9CBA /* Main.storyboard in Resources */,
			);
			runOnlyForDeploymentPostprocessing = 0;
		};
/* End PBXResourcesBuildPhase section */

/* Begin PBXSourcesBuildPhase section */
		F96E5C8524B059A2004A9CBA /* Sources */ = {
			isa = PBXSourcesBuildPhase;
			buildActionMask = 2147483647;
			files = (
				F96E5C9124B059A2004A9CBA /* ViewController.swift in Sources */,
				F96E5C8D24B059A2004A9CBA /* AppDelegate.swift in Sources */,
				F96E5C8F24B059A2004A9CBA /* SceneDelegate.swift in Sources */,
			);
			runOnlyForDeploymentPostprocessing = 0;
		};
/* End PBXSourcesBuildPhase section */

/* Begin PBXVariantGroup section */
		F96E5C9224B059A2004A9CBA /* Main.storyboard */ = {
			isa = PBXVariantGroup;
			children = (
				F96E5C9324B059A2004A9CBA /* Base */,
			);
			name = Main.storyboard;
			sourceTree = "<group>";
		};
		F96E5C9724B059A4004A9CBA /* LaunchScreen.storyboard */ = {
			isa = PBXVariantGroup;
			children = (
				F96E5C9824B059A4004A9CBA /* Base */,
			);
			name = LaunchScreen.storyboard;
			sourceTree = "<group>";
		};
/* End PBXVariantGroup section */

/* Begin XCBuildConfiguration section */
		F96E5C9B24B059A4004A9CBA /* Debug */ = {
			isa = XCBuildConfiguration;
			buildSettings = {
				ALWAYS_SEARCH_USER_PATHS = NO;
				CLANG_ANALYZER_NONNULL = YES;
				CLANG_ANALYZER_NUMBER_OBJECT_CONVERSION = YES_AGGRESSIVE;
				CLANG_CXX_LANGUAGE_STANDARD = "gnu++14";
				CLANG_CXX_LIBRARY = "libc++";
				CLANG_ENABLE_MODULES = YES;
				CLANG_ENABLE_OBJC_ARC = YES;
				CLANG_ENABLE_OBJC_WEAK = YES;
				CLANG_WARN_BLOCK_CAPTURE_AUTORELEASING = YES;
				CLANG_WARN_BOOL_CONVERSION = YES;
				CLANG_WARN_COMMA = YES;
				CLANG_WARN_CONSTANT_CONVERSION = YES;
				CLANG_WARN_DEPRECATED_OBJC_IMPLEMENTATIONS = YES;
				CLANG_WARN_DIRECT_OBJC_ISA_USAGE = YES_ERROR;
				CLANG_WARN_DOCUMENTATION_COMMENTS = YES;
				CLANG_WARN_EMPTY_BODY = YES;
				CLANG_WARN_ENUM_CONVERSION = YES;
				CLANG_WARN_INFINITE_RECURSION = YES;
				CLANG_WARN_INT_CONVERSION = YES;
				CLANG_WARN_NON_LITERAL_NULL_CONVERSION = YES;
				CLANG_WARN_OBJC_IMPLICIT_RETAIN_SELF = YES;
				CLANG_WARN_OBJC_LITERAL_CONVERSION = YES;
				CLANG_WARN_OBJC_ROOT_CLASS = YES_ERROR;
				CLANG_WARN_RANGE_LOOP_ANALYSIS = YES;
				CLANG_WARN_STRICT_PROTOTYPES = YES;
				CLANG_WARN_SUSPICIOUS_MOVE = YES;
				CLANG_WARN_UNGUARDED_AVAILABILITY = YES_AGGRESSIVE;
				CLANG_WARN_UNREACHABLE_CODE = YES;
				CLANG_WARN__DUPLICATE_METHOD_MATCH = YES;
				COPY_PHASE_STRIP = NO;
				DEBUG_INFORMATION_FORMAT = dwarf;
				ENABLE_STRICT_OBJC_MSGSEND = YES;
				ENABLE_TESTABILITY = YES;
				GCC_C_LANGUAGE_STANDARD = gnu11;
				GCC_DYNAMIC_NO_PIC = NO;
				GCC_NO_COMMON_BLOCKS = YES;
				GCC_OPTIMIZATION_LEVEL = 0;
				GCC_PREPROCESSOR_DEFINITIONS = (
					"DEBUG=1",
					"$(inherited)",
				);
				GCC_WARN_64_TO_32_BIT_CONVERSION = YES;
				GCC_WARN_ABOUT_RETURN_TYPE = YES_ERROR;
				GCC_WARN_UNDECLARED_SELECTOR = YES;
				GCC_WARN_UNINITIALIZED_AUTOS = YES_AGGRESSIVE;
				GCC_WARN_UNUSED_FUNCTION = YES;
				GCC_WARN_UNUSED_VARIABLE = YES;
				IPHONEOS_DEPLOYMENT_TARGET = 13.2;
				MTL_ENABLE_DEBUG_INFO = INCLUDE_SOURCE;
				MTL_FAST_MATH = YES;
				ONLY_ACTIVE_ARCH = YES;
				SDKROOT = iphoneos;
				SWIFT_ACTIVE_COMPILATION_CONDITIONS = DEBUG;
				SWIFT_OPTIMIZATION_LEVEL = "-Onone";
			};
			name = Debug;
		};
		F96E5C9C24B059A4004A9CBA /* Release */ = {
			isa = XCBuildConfiguration;
			buildSettings = {
				ALWAYS_SEARCH_USER_PATHS = NO;
				CLANG_ANALYZER_NONNULL = YES;
				CLANG_ANALYZER_NUMBER_OBJECT_CONVERSION = YES_AGGRESSIVE;
				CLANG_CXX_LANGUAGE_STANDARD = "gnu++14";
				CLANG_CXX_LIBRARY = "libc++";
				CLANG_ENABLE_MODULES = YES;
				CLANG_ENABLE_OBJC_ARC = YES;
				CLANG_ENABLE_OBJC_WEAK = YES;
				CLANG_WARN_BLOCK_CAPTURE_AUTORELEASING = YES;
				CLANG_WARN_BOOL_CONVERSION = YES;
				CLANG_WARN_COMMA = YES;
				CLANG_WARN_CONSTANT_CONVERSION = YES;
				CLANG_WARN_DEPRECATED_OBJC_IMPLEMENTATIONS = YES;
				CLANG_WARN_DIRECT_OBJC_ISA_USAGE = YES_ERROR;
				CLANG_WARN_DOCUMENTATION_COMMENTS = YES;
				CLANG_WARN_EMPTY_BODY = YES;
				CLANG_WARN_ENUM_CONVERSION = YES;
				CLANG_WARN_INFINITE_RECURSION = YES;
				CLANG_WARN_INT_CONVERSION = YES;
				CLANG_WARN_NON_LITERAL_NULL_CONVERSION = YES;
				CLANG_WARN_OBJC_IMPLICIT_RETAIN_SELF = YES;
				CLANG_WARN_OBJC_LITERAL_CONVERSION = YES;
				CLANG_WARN_OBJC_ROOT_CLASS = YES_ERROR;
				CLANG_WARN_RANGE_LOOP_ANALYSIS = YES;
				CLANG_WARN_STRICT_PROTOTYPES = YES;
				CLANG_WARN_SUSPICIOUS_MOVE = YES;
				CLANG_WARN_UNGUARDED_AVAILABILITY = YES_AGGRESSIVE;
				CLANG_WARN_UNREACHABLE_CODE = YES;
				CLANG_WARN__DUPLICATE_METHOD_MATCH = YES;
				COPY_PHASE_STRIP = NO;
				DEBUG_INFORMATION_FORMAT = "dwarf-with-dsym";
				ENABLE_NS_ASSERTIONS = NO;
				ENABLE_STRICT_OBJC_MSGSEND = YES;
				GCC_C_LANGUAGE_STANDARD = gnu11;
				GCC_NO_COMMON_BLOCKS = YES;
				GCC_WARN_64_TO_32_BIT_CONVERSION = YES;
				GCC_WARN_ABOUT_RETURN_TYPE = YES_ERROR;
				GCC_WARN_UNDECLARED_SELECTOR = YES;
				GCC_WARN_UNINITIALIZED_AUTOS = YES_AGGRESSIVE;
				GCC_WARN_UNUSED_FUNCTION = YES;
				GCC_WARN_UNUSED_VARIABLE = YES;
				IPHONEOS_DEPLOYMENT_TARGET = 13.2;
				MTL_ENABLE_DEBUG_INFO = NO;
				MTL_FAST_MATH = YES;
				SDKROOT = iphoneos;
				SWIFT_COMPILATION_MODE = wholemodule;
				SWIFT_OPTIMIZATION_LEVEL = "-O";
				VALIDATE_PRODUCT = YES;
			};
			name = Release;
		};
		F96E5C9E24B059A4004A9CBA /* Debug */ = {
			isa = XCBuildConfiguration;
			buildSettings = {
				ASSETCATALOG_COMPILER_APPICON_NAME = AppIcon;
				CODE_SIGN_STYLE = Automatic;
				DEVELOPMENT_TEAM = 32JE8Z2Z5V;
				INFOPLIST_FILE = "International Jokes/Info.plist";
				LD_RUNPATH_SEARCH_PATHS = (
					"$(inherited)",
					"@executable_path/Frameworks",
				);
				PRODUCT_BUNDLE_IDENTIFIER = "com.ephrembeaino.International-Jokes";
				PRODUCT_NAME = "$(TARGET_NAME)";
				SWIFT_VERSION = 5.0;
				TARGETED_DEVICE_FAMILY = "1,2";
			};
			name = Debug;
		};
		F96E5C9F24B059A4004A9CBA /* Release */ = {
			isa = XCBuildConfiguration;
			buildSettings = {
				ASSETCATALOG_COMPILER_APPICON_NAME = AppIcon;
				CODE_SIGN_STYLE = Automatic;
				DEVELOPMENT_TEAM = 32JE8Z2Z5V;
				INFOPLIST_FILE = "International Jokes/Info.plist";
				LD_RUNPATH_SEARCH_PATHS = (
					"$(inherited)",
					"@executable_path/Frameworks",
				);
				PRODUCT_BUNDLE_IDENTIFIER = "com.ephrembeaino.International-Jokes";
				PRODUCT_NAME = "$(TARGET_NAME)";
				SWIFT_VERSION = 5.0;
				TARGETED_DEVICE_FAMILY = "1,2";
			};
			name = Release;
		};
/* End XCBuildConfiguration section */

/* Begin XCConfigurationList section */
		F96E5C8424B059A2004A9CBA /* Build configuration list for PBXProject "International Jokes" */ = {
			isa = XCConfigurationList;
			buildConfigurations = (
				F96E5C9B24B059A4004A9CBA /* Debug */,
				F96E5C9C24B059A4004A9CBA /* Release */,
			);
			defaultConfigurationIsVisible = 0;
			defaultConfigurationName = Release;
		};
		F96E5C9D24B059A4004A9CBA /* Build configuration list for PBXNativeTarget "International Jokes" */ = {
			isa = XCConfigurationList;
			buildConfigurations = (
				F96E5C9E24B059A4004A9CBA /* Debug */,
				F96E5C9F24B059A4004A9CBA /* Release */,
			);
			defaultConfigurationIsVisible = 0;
			defaultConfigurationName = Release;
		};
/* End XCConfigurationList section */
	};
	rootObject = F96E5C8124B059A2004A9CBA /* Project object */;
}
